// !$*UTF8*$!
{
	archiveVersion = 1;
	classes = {
	};
	objectVersion = 56;
	objects = {

/* Begin PBXBuildFile section */
		2890607C2D16D1C8007E961E /* UIView+Extensions.swift in Sources */ = {isa = PBXBuildFile; fileRef = 2890607B2D16D1C8007E961E /* UIView+Extensions.swift */; };
		2890607E2D16D241007E961E /* UIImageView+Extensions.swift in Sources */ = {isa = PBXBuildFile; fileRef = 2890607D2D16D241007E961E /* UIImageView+Extensions.swift */; };
		289060812D16D3E3007E961E /* SocialMediaStoryManager.swift in Sources */ = {isa = PBXBuildFile; fileRef = 289060802D16D3E3007E961E /* SocialMediaStoryManager.swift */; };
		289060832D16D546007E961E /* Bundle+Extensions.swift in Sources */ = {isa = PBXBuildFile; fileRef = 289060822D16D546007E961E /* Bundle+Extensions.swift */; };
		28C93BE22D17475700985B51 /* UIViewController+Extensions.swift in Sources */ = {isa = PBXBuildFile; fileRef = 28C93BE12D17475700985B51 /* UIViewController+Extensions.swift */; };
		28FE9D342D16C43C00E9C650 /* AppDelegate.swift in Sources */ = {isa = PBXBuildFile; fileRef = 28FE9D332D16C43C00E9C650 /* AppDelegate.swift */; };
		28FE9D362D16C43C00E9C650 /* SceneDelegate.swift in Sources */ = {isa = PBXBuildFile; fileRef = 28FE9D352D16C43C00E9C650 /* SceneDelegate.swift */; };
		28FE9D382D16C43C00E9C650 /* ViewController.swift in Sources */ = {isa = PBXBuildFile; fileRef = 28FE9D372D16C43C00E9C650 /* ViewController.swift */; };
		28FE9D3B2D16C43C00E9C650 /* Base in Resources */ = {isa = PBXBuildFile; fileRef = 28FE9D3A2D16C43C00E9C650 /* Base */; };
		28FE9D3D2D16C43E00E9C650 /* Assets.xcassets in Resources */ = {isa = PBXBuildFile; fileRef = 28FE9D3C2D16C43E00E9C650 /* Assets.xcassets */; };
		28FE9D402D16C43E00E9C650 /* Base in Resources */ = {isa = PBXBuildFile; fileRef = 28FE9D3F2D16C43E00E9C650 /* Base */; };
/* End PBXBuildFile section */

/* Begin PBXFileReference section */
		2890607B2D16D1C8007E961E /* UIView+Extensions.swift */ = {isa = PBXFileReference; lastKnownFileType = sourcecode.swift; path = "UIView+Extensions.swift"; sourceTree = "<group>"; };
		2890607D2D16D241007E961E /* UIImageView+Extensions.swift */ = {isa = PBXFileReference; lastKnownFileType = sourcecode.swift; path = "UIImageView+Extensions.swift"; sourceTree = "<group>"; };
		289060802D16D3E3007E961E /* SocialMediaStoryManager.swift */ = {isa = PBXFileReference; lastKnownFileType = sourcecode.swift; path = SocialMediaStoryManager.swift; sourceTree = "<group>"; };
		289060822D16D546007E961E /* Bundle+Extensions.swift */ = {isa = PBXFileReference; lastKnownFileType = sourcecode.swift; path = "Bundle+Extensions.swift"; sourceTree = "<group>"; };
		28C93BE12D17475700985B51 /* UIViewController+Extensions.swift */ = {isa = PBXFileReference; lastKnownFileType = sourcecode.swift; path = "UIViewController+Extensions.swift"; sourceTree = "<group>"; };
		28FE9D302D16C43C00E9C650 /* StoryShareSample.app */ = {isa = PBXFileReference; explicitFileType = wrapper.application; includeInIndex = 0; path = StoryShareSample.app; sourceTree = BUILT_PRODUCTS_DIR; };
		28FE9D332D16C43C00E9C650 /* AppDelegate.swift */ = {isa = PBXFileReference; lastKnownFileType = sourcecode.swift; path = AppDelegate.swift; sourceTree = "<group>"; };
		28FE9D352D16C43C00E9C650 /* SceneDelegate.swift */ = {isa = PBXFileReference; lastKnownFileType = sourcecode.swift; path = SceneDelegate.swift; sourceTree = "<group>"; };
		28FE9D372D16C43C00E9C650 /* ViewController.swift */ = {isa = PBXFileReference; lastKnownFileType = sourcecode.swift; path = ViewController.swift; sourceTree = "<group>"; };
		28FE9D3A2D16C43C00E9C650 /* Base */ = {isa = PBXFileReference; lastKnownFileType = file.storyboard; name = Base; path = Base.lproj/Main.storyboard; sourceTree = "<group>"; };
		28FE9D3C2D16C43E00E9C650 /* Assets.xcassets */ = {isa = PBXFileReference; lastKnownFileType = folder.assetcatalog; path = Assets.xcassets; sourceTree = "<group>"; };
		28FE9D3F2D16C43E00E9C650 /* Base */ = {isa = PBXFileReference; lastKnownFileType = file.storyboard; name = Base; path = Base.lproj/LaunchScreen.storyboard; sourceTree = "<group>"; };
		28FE9D412D16C43E00E9C650 /* Info.plist */ = {isa = PBXFileReference; lastKnownFileType = text.plist.xml; path = Info.plist; sourceTree = "<group>"; };
/* End PBXFileReference section */

/* Begin PBXFrameworksBuildPhase section */
		28FE9D2D2D16C43C00E9C650 /* Frameworks */ = {
			isa = PBXFrameworksBuildPhase;
			buildActionMask = 2147483647;
			files = (
			);
			runOnlyForDeploymentPostprocessing = 0;
		};
/* End PBXFrameworksBuildPhase section */

/* Begin PBXGroup section */
		289060782D16D137007E961E /* Extensions */ = {
			isa = PBXGroup;
			children = (
				2890607B2D16D1C8007E961E /* UIView+Extensions.swift */,
				2890607D2D16D241007E961E /* UIImageView+Extensions.swift */,
				289060822D16D546007E961E /* Bundle+Extensions.swift */,
				28C93BE12D17475700985B51 /* UIViewController+Extensions.swift */,
			);
			path = Extensions;
			sourceTree = "<group>";
		};
		289060792D16D140007E961E /* UI */ = {
			isa = PBXGroup;
			children = (
				28FE9D3E2D16C43E00E9C650 /* LaunchScreen.storyboard */,
				28FE9D392D16C43C00E9C650 /* Main.storyboard */,
				28FE9D372D16C43C00E9C650 /* ViewController.swift */,
			);
			path = UI;
			sourceTree = "<group>";
		};
		2890607A2D16D149007E961E /* App */ = {
			isa = PBXGroup;
			children = (
				28FE9D412D16C43E00E9C650 /* Info.plist */,
				28FE9D3C2D16C43E00E9C650 /* Assets.xcassets */,
				28FE9D332D16C43C00E9C650 /* AppDelegate.swift */,
				28FE9D352D16C43C00E9C650 /* SceneDelegate.swift */,
			);
			path = App;
			sourceTree = "<group>";
		};
		2890607F2D16D3B2007E961E /* Manager */ = {
			isa = PBXGroup;
			children = (
				289060802D16D3E3007E961E /* SocialMediaStoryManager.swift */,
			);
			path = Manager;
			sourceTree = "<group>";
		};
		28FE9D272D16C43C00E9C650 = {
			isa = PBXGroup;
			children = (
				28FE9D322D16C43C00E9C650 /* StoryShareSample */,
				28FE9D312D16C43C00E9C650 /* Products */,
			);
			sourceTree = "<group>";
		};
		28FE9D312D16C43C00E9C650 /* Products */ = {
			isa = PBXGroup;
			children = (
				28FE9D302D16C43C00E9C650 /* StoryShareSample.app */,
			);
			name = Products;
			sourceTree = "<group>";
		};
		28FE9D322D16C43C00E9C650 /* StoryShareSample */ = {
			isa = PBXGroup;
			children = (
				2890607A2D16D149007E961E /* App */,
				289060792D16D140007E961E /* UI */,
				289060782D16D137007E961E /* Extensions */,
				2890607F2D16D3B2007E961E /* Manager */,
			);
			path = StoryShareSample;
			sourceTree = "<group>";
		};
/* End PBXGroup section */

/* Begin PBXNativeTarget section */
		28FE9D2F2D16C43C00E9C650 /* StoryShareSample */ = {
			isa = PBXNativeTarget;
			buildConfigurationList = 28FE9D442D16C43E00E9C650 /* Build configuration list for PBXNativeTarget "StoryShareSample" */;
			buildPhases = (
				28FE9D2C2D16C43C00E9C650 /* Sources */,
				28FE9D2D2D16C43C00E9C650 /* Frameworks */,
				28FE9D2E2D16C43C00E9C650 /* Resources */,
			);
			buildRules = (
			);
			dependencies = (
			);
			name = StoryShareSample;
			productName = StoryShareSample;
			productReference = 28FE9D302D16C43C00E9C650 /* StoryShareSample.app */;
			productType = "com.apple.product-type.application";
		};
/* End PBXNativeTarget section */

/* Begin PBXProject section */
		28FE9D282D16C43C00E9C650 /* Project object */ = {
			isa = PBXProject;
			attributes = {
				BuildIndependentTargetsInParallel = 1;
				LastSwiftUpdateCheck = 1530;
				LastUpgradeCheck = 1530;
				TargetAttributes = {
					28FE9D2F2D16C43C00E9C650 = {
						CreatedOnToolsVersion = 15.3;
					};
				};
			};
			buildConfigurationList = 28FE9D2B2D16C43C00E9C650 /* Build configuration list for PBXProject "StoryShareSample" */;
			compatibilityVersion = "Xcode 14.0";
			developmentRegion = en;
			hasScannedForEncodings = 0;
			knownRegions = (
				en,
				Base,
			);
			mainGroup = 28FE9D272D16C43C00E9C650;
			productRefGroup = 28FE9D312D16C43C00E9C650 /* Products */;
			projectDirPath = "";
			projectRoot = "";
			targets = (
				28FE9D2F2D16C43C00E9C650 /* StoryShareSample */,
			);
		};
/* End PBXProject section */

/* Begin PBXResourcesBuildPhase section */
		28FE9D2E2D16C43C00E9C650 /* Resources */ = {
			isa = PBXResourcesBuildPhase;
			buildActionMask = 2147483647;
			files = (
				28FE9D3D2D16C43E00E9C650 /* Assets.xcassets in Resources */,
				28FE9D402D16C43E00E9C650 /* Base in Resources */,
				28FE9D3B2D16C43C00E9C650 /* Base in Resources */,
			);
			runOnlyForDeploymentPostprocessing = 0;
		};
/* End PBXResourcesBuildPhase section */

/* Begin PBXSourcesBuildPhase section */
		28FE9D2C2D16C43C00E9C650 /* Sources */ = {
			isa = PBXSourcesBuildPhase;
			buildActionMask = 2147483647;
			files = (
				2890607E2D16D241007E961E /* UIImageView+Extensions.swift in Sources */,
				28FE9D382D16C43C00E9C650 /* ViewController.swift in Sources */,
				28FE9D342D16C43C00E9C650 /* AppDelegate.swift in Sources */,
				289060812D16D3E3007E961E /* SocialMediaStoryManager.swift in Sources */,
				28C93BE22D17475700985B51 /* UIViewController+Extensions.swift in Sources */,
				2890607C2D16D1C8007E961E /* UIView+Extensions.swift in Sources */,
				28FE9D362D16C43C00E9C650 /* SceneDelegate.swift in Sources */,
				289060832D16D546007E961E /* Bundle+Extensions.swift in Sources */,
			);
			runOnlyForDeploymentPostprocessing = 0;
		};
/* End PBXSourcesBuildPhase section */

/* Begin PBXVariantGroup section */
		28FE9D392D16C43C00E9C650 /* Main.storyboard */ = {
			isa = PBXVariantGroup;
			children = (
				28FE9D3A2D16C43C00E9C650 /* Base */,
			);
			name = Main.storyboard;
			sourceTree = "<group>";
		};
		28FE9D3E2D16C43E00E9C650 /* LaunchScreen.storyboard */ = {
			isa = PBXVariantGroup;
			children = (
				28FE9D3F2D16C43E00E9C650 /* Base */,
			);
			name = LaunchScreen.storyboard;
			sourceTree = "<group>";
		};
/* End PBXVariantGroup section */

/* Begin XCBuildConfiguration section */
		28FE9D422D16C43E00E9C650 /* Debug */ = {
			isa = XCBuildConfiguration;
			buildSettings = {
				ALWAYS_SEARCH_USER_PATHS = NO;
				ASSETCATALOG_COMPILER_GENERATE_SWIFT_ASSET_SYMBOL_EXTENSIONS = YES;
				CLANG_ANALYZER_NONNULL = YES;
				CLANG_ANALYZER_NUMBER_OBJECT_CONVERSION = YES_AGGRESSIVE;
				CLANG_CXX_LANGUAGE_STANDARD = "gnu++20";
				CLANG_ENABLE_MODULES = YES;
				CLANG_ENABLE_OBJC_ARC = YES;
				CLANG_ENABLE_OBJC_WEAK = YES;
				CLANG_WARN_BLOCK_CAPTURE_AUTORELEASING = YES;
				CLANG_WARN_BOOL_CONVERSION = YES;
				CLANG_WARN_COMMA = YES;
				CLANG_WARN_CONSTANT_CONVERSION = YES;
				CLANG_WARN_DEPRECATED_OBJC_IMPLEMENTATIONS = YES;
				CLANG_WARN_DIRECT_OBJC_ISA_USAGE = YES_ERROR;
				CLANG_WARN_DOCUMENTATION_COMMENTS = YES;
				CLANG_WARN_EMPTY_BODY = YES;
				CLANG_WARN_ENUM_CONVERSION = YES;
				CLANG_WARN_INFINITE_RECURSION = YES;
				CLANG_WARN_INT_CONVERSION = YES;
				CLANG_WARN_NON_LITERAL_NULL_CONVERSION = YES;
				CLANG_WARN_OBJC_IMPLICIT_RETAIN_SELF = YES;
				CLANG_WARN_OBJC_LITERAL_CONVERSION = YES;
				CLANG_WARN_OBJC_ROOT_CLASS = YES_ERROR;
				CLANG_WARN_QUOTED_INCLUDE_IN_FRAMEWORK_HEADER = YES;
				CLANG_WARN_RANGE_LOOP_ANALYSIS = YES;
				CLANG_WARN_STRICT_PROTOTYPES = YES;
				CLANG_WARN_SUSPICIOUS_MOVE = YES;
				CLANG_WARN_UNGUARDED_AVAILABILITY = YES_AGGRESSIVE;
				CLANG_WARN_UNREACHABLE_CODE = YES;
				CLANG_WARN__DUPLICATE_METHOD_MATCH = YES;
				COPY_PHASE_STRIP = NO;
				DEBUG_INFORMATION_FORMAT = dwarf;
				ENABLE_STRICT_OBJC_MSGSEND = YES;
				ENABLE_TESTABILITY = YES;
				ENABLE_USER_SCRIPT_SANDBOXING = YES;
				GCC_C_LANGUAGE_STANDARD = gnu17;
				GCC_DYNAMIC_NO_PIC = NO;
				GCC_NO_COMMON_BLOCKS = YES;
				GCC_OPTIMIZATION_LEVEL = 0;
				GCC_PREPROCESSOR_DEFINITIONS = (
					"DEBUG=1",
					"$(inherited)",
				);
				GCC_WARN_64_TO_32_BIT_CONVERSION = YES;
				GCC_WARN_ABOUT_RETURN_TYPE = YES_ERROR;
				GCC_WARN_UNDECLARED_SELECTOR = YES;
				GCC_WARN_UNINITIALIZED_AUTOS = YES_AGGRESSIVE;
				GCC_WARN_UNUSED_FUNCTION = YES;
				GCC_WARN_UNUSED_VARIABLE = YES;
				IPHONEOS_DEPLOYMENT_TARGET = 17.4;
				LOCALIZATION_PREFERS_STRING_CATALOGS = YES;
				MTL_ENABLE_DEBUG_INFO = INCLUDE_SOURCE;
				MTL_FAST_MATH = YES;
				ONLY_ACTIVE_ARCH = YES;
				SDKROOT = iphoneos;
				SWIFT_ACTIVE_COMPILATION_CONDITIONS = "DEBUG $(inherited)";
				SWIFT_OPTIMIZATION_LEVEL = "-Onone";
			};
			name = Debug;
		};
		28FE9D432D16C43E00E9C650 /* Release */ = {
			isa = XCBuildConfiguration;
			buildSettings = {
				ALWAYS_SEARCH_USER_PATHS = NO;
				ASSETCATALOG_COMPILER_GENERATE_SWIFT_ASSET_SYMBOL_EXTENSIONS = YES;
				CLANG_ANALYZER_NONNULL = YES;
				CLANG_ANALYZER_NUMBER_OBJECT_CONVERSION = YES_AGGRESSIVE;
				CLANG_CXX_LANGUAGE_STANDARD = "gnu++20";
				CLANG_ENABLE_MODULES = YES;
				CLANG_ENABLE_OBJC_ARC = YES;
				CLANG_ENABLE_OBJC_WEAK = YES;
				CLANG_WARN_BLOCK_CAPTURE_AUTORELEASING = YES;
				CLANG_WARN_BOOL_CONVERSION = YES;
				CLANG_WARN_COMMA = YES;
				CLANG_WARN_CONSTANT_CONVERSION = YES;
				CLANG_WARN_DEPRECATED_OBJC_IMPLEMENTATIONS = YES;
				CLANG_WARN_DIRECT_OBJC_ISA_USAGE = YES_ERROR;
				CLANG_WARN_DOCUMENTATION_COMMENTS = YES;
				CLANG_WARN_EMPTY_BODY = YES;
				CLANG_WARN_ENUM_CONVERSION = YES;
				CLANG_WARN_INFINITE_RECURSION = YES;
				CLANG_WARN_INT_CONVERSION = YES;
				CLANG_WARN_NON_LITERAL_NULL_CONVERSION = YES;
				CLANG_WARN_OBJC_IMPLICIT_RETAIN_SELF = YES;
				CLANG_WARN_OBJC_LITERAL_CONVERSION = YES;
				CLANG_WARN_OBJC_ROOT_CLASS = YES_ERROR;
				CLANG_WARN_QUOTED_INCLUDE_IN_FRAMEWORK_HEADER = YES;
				CLANG_WARN_RANGE_LOOP_ANALYSIS = YES;
				CLANG_WARN_STRICT_PROTOTYPES = YES;
				CLANG_WARN_SUSPICIOUS_MOVE = YES;
				CLANG_WARN_UNGUARDED_AVAILABILITY = YES_AGGRESSIVE;
				CLANG_WARN_UNREACHABLE_CODE = YES;
				CLANG_WARN__DUPLICATE_METHOD_MATCH = YES;
				COPY_PHASE_STRIP = NO;
				DEBUG_INFORMATION_FORMAT = "dwarf-with-dsym";
				ENABLE_NS_ASSERTIONS = NO;
				ENABLE_STRICT_OBJC_MSGSEND = YES;
				ENABLE_USER_SCRIPT_SANDBOXING = YES;
				GCC_C_LANGUAGE_STANDARD = gnu17;
				GCC_NO_COMMON_BLOCKS = YES;
				GCC_WARN_64_TO_32_BIT_CONVERSION = YES;
				GCC_WARN_ABOUT_RETURN_TYPE = YES_ERROR;
				GCC_WARN_UNDECLARED_SELECTOR = YES;
				GCC_WARN_UNINITIALIZED_AUTOS = YES_AGGRESSIVE;
				GCC_WARN_UNUSED_FUNCTION = YES;
				GCC_WARN_UNUSED_VARIABLE = YES;
				IPHONEOS_DEPLOYMENT_TARGET = 17.4;
				LOCALIZATION_PREFERS_STRING_CATALOGS = YES;
				MTL_ENABLE_DEBUG_INFO = NO;
				MTL_FAST_MATH = YES;
				SDKROOT = iphoneos;
				SWIFT_COMPILATION_MODE = wholemodule;
				VALIDATE_PRODUCT = YES;
			};
			name = Release;
		};
		28FE9D452D16C43E00E9C650 /* Debug */ = {
			isa = XCBuildConfiguration;
			buildSettings = {
				ASSETCATALOG_COMPILER_APPICON_NAME = AppIcon;
				ASSETCATALOG_COMPILER_GLOBAL_ACCENT_COLOR_NAME = AccentColor;
				CODE_SIGN_STYLE = Automatic;
				CURRENT_PROJECT_VERSION = 1;
				DEVELOPMENT_TEAM = KSMNAM32VA;
				GENERATE_INFOPLIST_FILE = YES;
				INFOPLIST_FILE = StoryShareSample/App/Info.plist;
				INFOPLIST_KEY_UIApplicationSupportsIndirectInputEvents = YES;
				INFOPLIST_KEY_UILaunchStoryboardName = LaunchScreen;
				INFOPLIST_KEY_UIMainStoryboardFile = Main;
				INFOPLIST_KEY_UISupportedInterfaceOrientations_iPad = "UIInterfaceOrientationPortrait UIInterfaceOrientationPortraitUpsideDown UIInterfaceOrientationLandscapeLeft UIInterfaceOrientationLandscapeRight";
				INFOPLIST_KEY_UISupportedInterfaceOrientations_iPhone = "UIInterfaceOrientationPortrait UIInterfaceOrientationLandscapeLeft UIInterfaceOrientationLandscapeRight";
				LD_RUNPATH_SEARCH_PATHS = (
					"$(inherited)",
					"@executable_path/Frameworks",
				);
				MARKETING_VERSION = 1.0;
				PRODUCT_BUNDLE_IDENTIFIER = com.burakekmen.StoryShareSample;
				PRODUCT_NAME = "$(TARGET_NAME)";
				SWIFT_EMIT_LOC_STRINGS = YES;
				SWIFT_VERSION = 5.0;
				TARGETED_DEVICE_FAMILY = "1,2";
			};
			name = Debug;
		};
		28FE9D462D16C43E00E9C650 /* Release */ = {
			isa = XCBuildConfiguration;
			buildSettings = {
				ASSETCATALOG_COMPILER_APPICON_NAME = AppIcon;
				ASSETCATALOG_COMPILER_GLOBAL_ACCENT_COLOR_NAME = AccentColor;
				CODE_SIGN_STYLE = Automatic;
				CURRENT_PROJECT_VERSION = 1;
				DEVELOPMENT_TEAM = KSMNAM32VA;
				GENERATE_INFOPLIST_FILE = YES;
				INFOPLIST_FILE = StoryShareSample/App/Info.plist;
				INFOPLIST_KEY_UIApplicationSupportsIndirectInputEvents = YES;
				INFOPLIST_KEY_UILaunchStoryboardName = LaunchScreen;
				INFOPLIST_KEY_UIMainStoryboardFile = Main;
				INFOPLIST_KEY_UISupportedInterfaceOrientations_iPad = "UIInterfaceOrientationPortrait UIInterfaceOrientationPortraitUpsideDown UIInterfaceOrientationLandscapeLeft UIInterfaceOrientationLandscapeRight";
				INFOPLIST_KEY_UISupportedInterfaceOrientations_iPhone = "UIInterfaceOrientationPortrait UIInterfaceOrientationLandscapeLeft UIInterfaceOrientationLandscapeRight";
				LD_RUNPATH_SEARCH_PATHS = (
					"$(inherited)",
					"@executable_path/Frameworks",
				);
				MARKETING_VERSION = 1.0;
				PRODUCT_BUNDLE_IDENTIFIER = com.burakekmen.StoryShareSample;
				PRODUCT_NAME = "$(TARGET_NAME)";
				SWIFT_EMIT_LOC_STRINGS = YES;
				SWIFT_VERSION = 5.0;
				TARGETED_DEVICE_FAMILY = "1,2";
			};
			name = Release;
		};
/* End XCBuildConfiguration section */

/* Begin XCConfigurationList section */
		28FE9D2B2D16C43C00E9C650 /* Build configuration list for PBXProject "StoryShareSample" */ = {
			isa = XCConfigurationList;
			buildConfigurations = (
				28FE9D422D16C43E00E9C650 /* Debug */,
				28FE9D432D16C43E00E9C650 /* Release */,
			);
			defaultConfigurationIsVisible = 0;
			defaultConfigurationName = Release;
		};
		28FE9D442D16C43E00E9C650 /* Build configuration list for PBXNativeTarget "StoryShareSample" */ = {
			isa = XCConfigurationList;
			buildConfigurations = (
				28FE9D452D16C43E00E9C650 /* Debug */,
				28FE9D462D16C43E00E9C650 /* Release */,
			);
			defaultConfigurationIsVisible = 0;
			defaultConfigurationName = Release;
		};
/* End XCConfigurationList section */
	};
	rootObject = 28FE9D282D16C43C00E9C650 /* Project object */;
}
